<?xml version="1.0" encoding="utf-8"?>
<Project ToolsVersion="4.0" xmlns="http://schemas.microsoft.com/developer/msbuild/2003">
  <ItemGroup>
    <Filter Include="Source Files">
      <UniqueIdentifier>{4FC737F1-C7A5-4376-A066-2A32D752A2FF}</UniqueIdentifier>
      <Extensions>cpp;c;cc;cxx;def;odl;idl;hpj;bat;asm;asmx</Extensions>
    </Filter>
    <Filter Include="Header Files">
      <UniqueIdentifier>{93995380-89BD-4b04-88EB-625FBE52EBFB}</UniqueIdentifier>
      <Extensions>h;hh;hpp;hxx;hm;inl;inc;xsd</Extensions>
    </Filter>
    <Filter Include="Resource Files">
      <UniqueIdentifier>{67DA6AB6-F800-4c08-8B7A-83BB121AAD01}</UniqueIdentifier>
      <Extensions>rc;ico;cur;bmp;dlg;rc2;rct;bin;rgs;gif;jpg;jpeg;jpe;resx;tiff;tif;png;wav;mfcribbon-ms</Extensions>
    </Filter>
    <Filter Include="Header Files\SceneGraph">
      <UniqueIdentifier>{4b483a58-de44-40eb-9633-1beff11a99e8}</UniqueIdentifier>
    </Filter>
    <Filter Include="Source Files\SceneGraph">
      <UniqueIdentifier>{1b86f6ff-8b03-4cc2-9dde-5ab61b152620}</UniqueIdentifier>
    </Filter>
    <Filter Include="Header Files\EngineInstances">
      <UniqueIdentifier>{f4229ba0-ccbf-491a-959e-07f913b827e9}</UniqueIdentifier>
    </Filter>
    <Filter Include="Source Files\EngineInstances">
      <UniqueIdentifier>{fc4be9a8-5b6a-4cfc-b170-2f1074eb6259}</UniqueIdentifier>
    </Filter>
    <Filter Include="Header Files\Math">
      <UniqueIdentifier>{169d34da-b2f6-46fa-a188-45796d0f965f}</UniqueIdentifier>
    </Filter>
    <Filter Include="Source Files\Math">
      <UniqueIdentifier>{e766c586-6d41-4863-a45d-acfdd37f093e}</UniqueIdentifier>
    </Filter>
    <Filter Include="Header Files\Math\Expressions">
      <UniqueIdentifier>{298da792-6872-4438-aa77-0651102fd771}</UniqueIdentifier>
    </Filter>
    <Filter Include="Source Files\Math\Expressions">
      <UniqueIdentifier>{daefa8cc-787f-47b8-a200-1be9fa4ac8e0}</UniqueIdentifier>
    </Filter>
  </ItemGroup>
  <ItemGroup>
    <Text Include="ReadMe.txt" />
  </ItemGroup>
  <ItemGroup>
    <ClInclude Include="stdafx.h">
      <Filter>Header Files</Filter>
    </ClInclude>
    <ClInclude Include="targetver.h">
      <Filter>Header Files</Filter>
    </ClInclude>
    <ClInclude Include="Item.h">
      <Filter>Header Files\SceneGraph</Filter>
    </ClInclude>
    <ClInclude Include="SceneGraphManager.h">
      <Filter>Header Files\SceneGraph</Filter>
    </ClInclude>
    <ClInclude Include="Instanciater.h">
      <Filter>Header Files\EngineInstances</Filter>
    </ClInclude>
    <ClInclude Include="Displayable.h">
      <Filter>Header Files\EngineInstances</Filter>
    </ClInclude>
    <ClInclude Include="SimpleObjectDisplayable.h">
      <Filter>Header Files\EngineInstances</Filter>
    </ClInclude>
    <ClInclude Include="Matrix4.h">
      <Filter>Header Files\Math</Filter>
    </ClInclude>
    <ClInclude Include="Vector3.h">
      <Filter>Header Files\Math</Filter>
    </ClInclude>
    <ClInclude Include="LevelFactory.h">
      <Filter>Header Files\SceneGraph</Filter>
    </ClInclude>
    <ClInclude Include="SimpleObjectFactory.h">
      <Filter>Header Files\SceneGraph</Filter>
    </ClInclude>
    <ClInclude Include="ComplexObjectFactory.h">
      <Filter>Header Files\SceneGraph</Filter>
    </ClInclude>
    <ClInclude Include="Quaternion.h">
      <Filter>Header Files\Math</Filter>
    </ClInclude>
    <ClInclude Include="TransformationFactory.h">
      <Filter>Header Files\SceneGraph</Filter>
    </ClInclude>
    <ClInclude Include="RandomObjectFactory.h">
      <Filter>Header Files\SceneGraph</Filter>
    </ClInclude>
    <ClInclude Include="FloatExpression.h">
      <Filter>Header Files\Math\Expressions</Filter>
    </ClInclude>
    <ClInclude Include="LinearFunctionExpression.h">
      <Filter>Header Files\Math\Expressions</Filter>
    </ClInclude>
    <ClInclude Include="LinearCombinationExpression.h">
      <Filter>Header Files\Math\Expressions</Filter>
    </ClInclude>
    <ClInclude Include="MultiplicationExpression.h">
      <Filter>Header Files\Math\Expressions</Filter>
    </ClInclude>
    <ClInclude Include="CosExpression.h">
      <Filter>Header Files\Math\Expressions</Filter>
    </ClInclude>
    <ClInclude Include="ArrayFactory.h">
      <Filter>Header Files\SceneGraph</Filter>
    </ClInclude>
    <ClInclude Include="NeighborDensityFactory.h">
      <Filter>Header Files\SceneGraph</Filter>
    </ClInclude>
    <ClInclude Include="AABExpression.h">
      <Filter>Header Files\Math\Expressions</Filter>
    </ClInclude>
    <ClInclude Include="BooleanOperatorExpression.h">
      <Filter>Header Files\Math\Expressions</Filter>
    </ClInclude>
    <ClInclude Include="YCylinderExpression.h">
      <Filter>Header Files\Math\Expressions</Filter>
    </ClInclude>
    <ClInclude Include="CoordinatesWarpExpression.h">
      <Filter>Header Files\Math\Expressions</Filter>
    </ClInclude>
    <ClInclude Include="ModuloExpression.h">
      <Filter>Header Files\Math\Expressions</Filter>
    </ClInclude>
    <ClInclude Include="CoordinatesTranslationExpression.h">
      <Filter>Header Files\Math\Expressions</Filter>
    </ClInclude>
  </ItemGroup>
  <ItemGroup>
    <ClCompile Include="stdafx.cpp">
      <Filter>Source Files</Filter>
    </ClCompile>
    <ClCompile Include="dllmain.cpp">
      <Filter>Source Files</Filter>
    </ClCompile>
    <ClCompile Include="Item.cpp">
      <Filter>Source Files\SceneGraph</Filter>
    </ClCompile>
    <ClCompile Include="SceneGraphManager.cpp">
      <Filter>Source Files\SceneGraph</Filter>
    </ClCompile>
    <ClCompile Include="Instanciater.cpp">
      <Filter>Source Files\EngineInstances</Filter>
    </ClCompile>
    <ClCompile Include="Displayable.cpp">
      <Filter>Source Files\EngineInstances</Filter>
    </ClCompile>
    <ClCompile Include="SimpleObjectDisplayable.cpp">
      <Filter>Source Files\EngineInstances</Filter>
    </ClCompile>
    <ClCompile Include="LevelFactory.cpp">
      <Filter>Source Files\SceneGraph</Filter>
    </ClCompile>
    <ClCompile Include="Matrix4.cpp">
      <Filter>Source Files\Math</Filter>
    </ClCompile>
    <ClCompile Include="Vector3.cpp">
      <Filter>Source Files\Math</Filter>
    </ClCompile>
    <ClCompile Include="SimpleObjectFactory.cpp">
      <Filter>Source Files\SceneGraph</Filter>
    </ClCompile>
    <ClCompile Include="ComplexObjectFactory.cpp">
      <Filter>Source Files\SceneGraph</Filter>
    </ClCompile>
    <ClCompile Include="Quaternion.cpp">
      <Filter>Source Files\Math</Filter>
    </ClCompile>
    <ClCompile Include="RandomObjectFactory.cpp">
      <Filter>Source Files\SceneGraph</Filter>
    </ClCompile>
    <ClCompile Include="TransformationFactory.cpp">
      <Filter>Source Files\SceneGraph</Filter>
    </ClCompile>
    <ClCompile Include="FloatExpression.cpp">
      <Filter>Source Files\Math\Expressions</Filter>
    </ClCompile>
    <ClCompile Include="LinearFunctionExpression.cpp">
      <Filter>Source Files\Math\Expressions</Filter>
    </ClCompile>
    <ClCompile Include="LinearCombinationExpression.cpp">
      <Filter>Source Files\Math\Expressions</Filter>
    </ClCompile>
    <ClCompile Include="MultiplicationExpression.cpp">
      <Filter>Source Files\Math\Expressions</Filter>
    </ClCompile>
    <ClCompile Include="CosExpression.cpp">
      <Filter>Source Files\Math\Expressions</Filter>
    </ClCompile>
    <ClCompile Include="ArrayFactory.cpp">
      <Filter>Source Files\SceneGraph</Filter>
    </ClCompile>
    <ClCompile Include="NeighborDensityFactory.cpp">
      <Filter>Source Files\SceneGraph</Filter>
    </ClCompile>
    <ClCompile Include="AABExpression.cpp">
      <Filter>Source Files\Math\Expressions</Filter>
    </ClCompile>
    <ClCompile Include="BooleanOperatorExpression.cpp">
      <Filter>Source Files\Math\Expressions</Filter>
    </ClCompile>
    <ClCompile Include="YCylinderExpression.cpp">
      <Filter>Source Files\Math\Expressions</Filter>
    </ClCompile>
    <ClCompile Include="CoordinatesWarpExpression.cpp">
      <Filter>Source Files\Math\Expressions</Filter>
    </ClCompile>
    <ClCompile Include="ModuloExpression.cpp">
      <Filter>Source Files\Math\Expressions</Filter>
    </ClCompile>
    <ClCompile Include="CoordinatesTranslationExpression.cpp">
      <Filter>Source Files\Math\Expressions</Filter>
    </ClCompile>
  </ItemGroup>
</Project>