<?xml version="1.0" encoding="utf-8"?>
<Project ToolsVersion="4.0" xmlns="http://schemas.microsoft.com/developer/msbuild/2003">
  <ItemGroup>
    <Filter Include="Fichiers sources">
      <UniqueIdentifier>{4FC737F1-C7A5-4376-A066-2A32D752A2FF}</UniqueIdentifier>
      <Extensions>cpp;c;cc;cxx;def;odl;idl;hpj;bat;asm;asmx</Extensions>
    </Filter>
    <Filter Include="Fichiers d%27en-tête">
      <UniqueIdentifier>{93995380-89BD-4b04-88EB-625FBE52EBFB}</UniqueIdentifier>
      <Extensions>h;hh;hpp;hxx;hm;inl;inc;xsd</Extensions>
    </Filter>
    <Filter Include="Fichiers de ressources">
      <UniqueIdentifier>{67DA6AB6-F800-4c08-8B7A-83BB121AAD01}</UniqueIdentifier>
      <Extensions>rc;ico;cur;bmp;dlg;rc2;rct;bin;rgs;gif;jpg;jpeg;jpe;resx;tiff;tif;png;wav;mfcribbon-ms</Extensions>
    </Filter>
    <Filter Include="Fichiers sources\FactoriesDataModel">
      <UniqueIdentifier>{9c73c0e2-06aa-4279-adb8-eb8a9ba37676}</UniqueIdentifier>
    </Filter>
    <Filter Include="Fichiers d%27en-tête\FactoriesDataModel">
      <UniqueIdentifier>{d15b4eca-5370-4f9f-80e2-6a2206ada0ae}</UniqueIdentifier>
    </Filter>
    <Filter Include="Fichiers d%27en-tête\MathsDataModel">
      <UniqueIdentifier>{2e1be55b-66af-4a2b-83cb-19f6edaa3ec1}</UniqueIdentifier>
    </Filter>
    <Filter Include="Fichiers sources\MathsDataModel">
      <UniqueIdentifier>{ecb1baf7-5a1e-40cd-922b-d728818b0692}</UniqueIdentifier>
    </Filter>
  </ItemGroup>
  <ItemGroup>
    <ClInclude Include="Stdafx.h">
      <Filter>Fichiers d%27en-tête</Filter>
    </ClInclude>
    <ClInclude Include="resource.h">
      <Filter>Fichiers d%27en-tête</Filter>
    </ClInclude>
    <ClInclude Include="LevelFactoryDataModel.h">
      <Filter>Fichiers d%27en-tête\FactoriesDataModel</Filter>
    </ClInclude>
    <ClInclude Include="SimpleObjectFactoryDataModel.h">
      <Filter>Fichiers d%27en-tête\FactoriesDataModel</Filter>
    </ClInclude>
    <ClInclude Include="DependenceTreeDataModel.h">
      <Filter>Fichiers d%27en-tête</Filter>
    </ClInclude>
    <ClInclude Include="ComplexObjectFactoryDataModel.h">
      <Filter>Fichiers d%27en-tête\FactoriesDataModel</Filter>
    </ClInclude>
    <ClInclude Include="TransformationFactoryDataModel.h">
      <Filter>Fichiers d%27en-tête\FactoriesDataModel</Filter>
    </ClInclude>
    <ClInclude Include="RandomObjectFactoryDataModel.h">
      <Filter>Fichiers d%27en-tête\FactoriesDataModel</Filter>
    </ClInclude>
    <ClInclude Include="FloatExpressionDataModel.h">
      <Filter>Fichiers d%27en-tête\MathsDataModel</Filter>
    </ClInclude>
    <ClInclude Include="LinearFunctionDataModel.h">
      <Filter>Fichiers d%27en-tête\MathsDataModel</Filter>
    </ClInclude>
    <ClInclude Include="LinearCombinationDataModel.h">
      <Filter>Fichiers d%27en-tête\MathsDataModel</Filter>
    </ClInclude>
    <ClInclude Include="MultiplicationDataModel.h">
      <Filter>Fichiers d%27en-tête\MathsDataModel</Filter>
    </ClInclude>
    <ClInclude Include="CosDataModel.h">
      <Filter>Fichiers d%27en-tête\MathsDataModel</Filter>
    </ClInclude>
    <ClInclude Include="ArrayFactoryDataModel.h">
      <Filter>Fichiers d%27en-tête\FactoriesDataModel</Filter>
    </ClInclude>
    <ClInclude Include="UtilityReaderWriter.h">
      <Filter>Fichiers d%27en-tête</Filter>
    </ClInclude>
    <ClInclude Include="NeighborDensityFactoryDataModel.h">
      <Filter>Fichiers d%27en-tête\FactoriesDataModel</Filter>
    </ClInclude>
    <ClInclude Include="AABDataModel.h">
      <Filter>Fichiers d%27en-tête\MathsDataModel</Filter>
    </ClInclude>
    <ClInclude Include="BooleanOperatorDataModel.h">
      <Filter>Fichiers d%27en-tête\MathsDataModel</Filter>
    </ClInclude>
    <ClInclude Include="YCylinderDataModel.h">
      <Filter>Fichiers d%27en-tête\MathsDataModel</Filter>
    </ClInclude>
    <ClInclude Include="CoordinatesWarpDataModel.h">
      <Filter>Fichiers d%27en-tête\MathsDataModel</Filter>
    </ClInclude>
    <ClInclude Include="ModuloDataModel.h">
      <Filter>Fichiers d%27en-tête\MathsDataModel</Filter>
    </ClInclude>
    <ClInclude Include="CoordinatesTranslationDataModel.h">
      <Filter>Fichiers d%27en-tête\MathsDataModel</Filter>
    </ClInclude>
  </ItemGroup>
  <ItemGroup>
    <ClCompile Include="Stdafx.cpp">
      <Filter>Fichiers sources</Filter>
    </ClCompile>
    <ClCompile Include="LevelFactoryDataModel.cpp">
      <Filter>Fichiers sources\FactoriesDataModel</Filter>
    </ClCompile>
    <ClCompile Include="SimpleObjectFactoryDataModel.cpp">
      <Filter>Fichiers sources\FactoriesDataModel</Filter>
    </ClCompile>
    <ClCompile Include="DependenceTreeDataModel.cpp">
      <Filter>Fichiers sources</Filter>
    </ClCompile>
    <ClCompile Include="ComplexObjectFactoryDataModel.cpp">
      <Filter>Fichiers sources\FactoriesDataModel</Filter>
    </ClCompile>
    <ClCompile Include="TransformationFactoryDataModel.cpp">
      <Filter>Fichiers sources\FactoriesDataModel</Filter>
    </ClCompile>
    <ClCompile Include="RandomObjectFactoryDataModel.cpp">
      <Filter>Fichiers sources\FactoriesDataModel</Filter>
    </ClCompile>
    <ClCompile Include="FloatExpressionDataModel.cpp">
      <Filter>Fichiers sources\MathsDataModel</Filter>
    </ClCompile>
    <ClCompile Include="LinearFunctionDataModel.cpp">
      <Filter>Fichiers sources\MathsDataModel</Filter>
    </ClCompile>
    <ClCompile Include="LinearCombinationDataModel.cpp">
      <Filter>Fichiers sources\MathsDataModel</Filter>
    </ClCompile>
    <ClCompile Include="MultiplicationDataModel.cpp">
      <Filter>Fichiers sources\MathsDataModel</Filter>
    </ClCompile>
    <ClCompile Include="CosDataModel.cpp">
      <Filter>Fichiers sources\MathsDataModel</Filter>
    </ClCompile>
    <ClCompile Include="ArrayFactoryDataModel.cpp">
      <Filter>Fichiers sources\FactoriesDataModel</Filter>
    </ClCompile>
    <ClCompile Include="UtilityReaderWriter.cpp">
      <Filter>Fichiers sources</Filter>
    </ClCompile>
    <ClCompile Include="NeighborDensityFactoryDataModel.cpp">
      <Filter>Fichiers sources\FactoriesDataModel</Filter>
    </ClCompile>
    <ClCompile Include="AABDataModel.cpp">
      <Filter>Fichiers sources\MathsDataModel</Filter>
    </ClCompile>
    <ClCompile Include="BooleanOperatorDataModel.cpp">
      <Filter>Fichiers sources\MathsDataModel</Filter>
    </ClCompile>
    <ClCompile Include="YCylinderDataModel.cpp">
      <Filter>Fichiers sources\MathsDataModel</Filter>
    </ClCompile>
    <ClCompile Include="CoordinatesWarpDataModel.cpp">
      <Filter>Fichiers sources\MathsDataModel</Filter>
    </ClCompile>
    <ClCompile Include="ModuloDataModel.cpp">
      <Filter>Fichiers sources\MathsDataModel</Filter>
    </ClCompile>
    <ClCompile Include="CoordinatesTranslationDataModel.cpp">
      <Filter>Fichiers sources\MathsDataModel</Filter>
    </ClCompile>
  </ItemGroup>
  <ItemGroup>
    <Text Include="ReadMe.txt" />
  </ItemGroup>
  <ItemGroup>
    <ResourceCompile Include="app.rc">
      <Filter>Fichiers de ressources</Filter>
    </ResourceCompile>
  </ItemGroup>
  <ItemGroup>
    <Image Include="app.ico">
      <Filter>Fichiers de ressources</Filter>
    </Image>
  </ItemGroup>
</Project>